// !$*UTF8*$!
{
	archiveVersion = 1;
	classes = {
	};
	objectVersion = 77;
	objects = {

/* Begin PBXContainerItemProxy section */
		E109CD572DA2E5E9000BE857 /* PBXContainerItemProxy */ = {
			isa = PBXContainerItemProxy;
			containerPortal = E109CD402DA2E5E9000BE857 /* Project object */;
			proxyType = 1;
			remoteGlobalIDString = E109CD472DA2E5E9000BE857;
			remoteInfo = Getbud;
		};
		E109CD612DA2E5E9000BE857 /* PBXContainerItemProxy */ = {
			isa = PBXContainerItemProxy;
			containerPortal = E109CD402DA2E5E9000BE857 /* Project object */;
			proxyType = 1;
			remoteGlobalIDString = E109CD472DA2E5E9000BE857;
			remoteInfo = Getbud;
		};
/* End PBXContainerItemProxy section */

/* Begin PBXFileReference section */
		E109CD482DA2E5E9000BE857 /* Getbud.app */ = {isa = PBXFileReference; explicitFileType = wrapper.application; includeInIndex = 0; path = Getbud.app; sourceTree = BUILT_PRODUCTS_DIR; };
		E109CD562DA2E5E9000BE857 /* GetbudTests.xctest */ = {isa = PBXFileReference; explicitFileType = wrapper.cfbundle; includeInIndex = 0; path = GetbudTests.xctest; sourceTree = BUILT_PRODUCTS_DIR; };
		E109CD602DA2E5E9000BE857 /* GetbudUITests.xctest */ = {isa = PBXFileReference; explicitFileType = wrapper.cfbundle; includeInIndex = 0; path = GetbudUITests.xctest; sourceTree = BUILT_PRODUCTS_DIR; };
/* End PBXFileReference section */

/* Begin PBXFileSystemSynchronizedRootGroup section */
		E109CD4A2DA2E5E9000BE857 /* Getbud */ = {
			isa = PBXFileSystemSynchronizedRootGroup;
			path = Getbud;
			sourceTree = "<group>";
		};
		E109CD592DA2E5E9000BE857 /* GetbudTests */ = {
			isa = PBXFileSystemSynchronizedRootGroup;
			path = GetbudTests;
			sourceTree = "<group>";
		};
		E109CD632DA2E5E9000BE857 /* GetbudUITests */ = {
			isa = PBXFileSystemSynchronizedRootGroup;
			path = GetbudUITests;
			sourceTree = "<group>";
		};
/* End PBXFileSystemSynchronizedRootGroup section */

/* Begin PBXFrameworksBuildPhase section */
		E109CD452DA2E5E9000BE857 /* Frameworks */ = {
			isa = PBXFrameworksBuildPhase;
			buildActionMask = 2147483647;
			files = (
			);
			runOnlyForDeploymentPostprocessing = 0;
		};
		E109CD532DA2E5E9000BE857 /* Frameworks */ = {
			isa = PBXFrameworksBuildPhase;
			buildActionMask = 2147483647;
			files = (
			);
			runOnlyForDeploymentPostprocessing = 0;
		};
		E109CD5D2DA2E5E9000BE857 /* Frameworks */ = {
			isa = PBXFrameworksBuildPhase;
			buildActionMask = 2147483647;
			files = (
			);
			runOnlyForDeploymentPostprocessing = 0;
		};
/* End PBXFrameworksBuildPhase section */

/* Begin PBXGroup section */
		E109CD3F2DA2E5E9000BE857 = {
			isa = PBXGroup;
			children = (
				E109CD4A2DA2E5E9000BE857 /* Getbud */,
				E109CD592DA2E5E9000BE857 /* GetbudTests */,
				E109CD632DA2E5E9000BE857 /* GetbudUITests */,
				E109CD492DA2E5E9000BE857 /* Products */,
			);
			sourceTree = "<group>";
		};
		E109CD492DA2E5E9000BE857 /* Products */ = {
			isa = PBXGroup;
			children = (
				E109CD482DA2E5E9000BE857 /* Getbud.app */,
				E109CD562DA2E5E9000BE857 /* GetbudTests.xctest */,
				E109CD602DA2E5E9000BE857 /* GetbudUITests.xctest */,
			);
			name = Products;
			sourceTree = "<group>";
		};
/* End PBXGroup section */

/* Begin PBXNativeTarget section */
		E109CD472DA2E5E9000BE857 /* Getbud */ = {
			isa = PBXNativeTarget;
			buildConfigurationList = E109CD6A2DA2E5E9000BE857 /* Build configuration list for PBXNativeTarget "Getbud" */;
			buildPhases = (
				E109CD442DA2E5E9000BE857 /* Sources */,
				E109CD452DA2E5E9000BE857 /* Frameworks */,
				E109CD462DA2E5E9000BE857 /* Resources */,
			);
			buildRules = (
			);
			dependencies = (
			);
			fileSystemSynchronizedGroups = (
				E109CD4A2DA2E5E9000BE857 /* Getbud */,
			);
			name = Getbud;
			packageProductDependencies = (
			);
			productName = Getbud;
			productReference = E109CD482DA2E5E9000BE857 /* Getbud.app */;
			productType = "com.apple.product-type.application";
		};
		E109CD552DA2E5E9000BE857 /* GetbudTests */ = {
			isa = PBXNativeTarget;
			buildConfigurationList = E109CD6D2DA2E5E9000BE857 /* Build configuration list for PBXNativeTarget "GetbudTests" */;
			buildPhases = (
				E109CD522DA2E5E9000BE857 /* Sources */,
				E109CD532DA2E5E9000BE857 /* Frameworks */,
				E109CD542DA2E5E9000BE857 /* Resources */,
			);
			buildRules = (
			);
			dependencies = (
				E109CD582DA2E5E9000BE857 /* PBXTargetDependency */,
			);
			fileSystemSynchronizedGroups = (
				E109CD592DA2E5E9000BE857 /* GetbudTests */,
			);
			name = GetbudTests;
			packageProductDependencies = (
			);
			productName = GetbudTests;
			productReference = E109CD562DA2E5E9000BE857 /* GetbudTests.xctest */;
			productType = "com.apple.product-type.bundle.unit-test";
		};
		E109CD5F2DA2E5E9000BE857 /* GetbudUITests */ = {
			isa = PBXNativeTarget;
			buildConfigurationList = E109CD702DA2E5E9000BE857 /* Build configuration list for PBXNativeTarget "GetbudUITests" */;
			buildPhases = (
				E109CD5C2DA2E5E9000BE857 /* Sources */,
				E109CD5D2DA2E5E9000BE857 /* Frameworks */,
				E109CD5E2DA2E5E9000BE857 /* Resources */,
			);
			buildRules = (
			);
			dependencies = (
				E109CD622DA2E5E9000BE857 /* PBXTargetDependency */,
			);
			fileSystemSynchronizedGroups = (
				E109CD632DA2E5E9000BE857 /* GetbudUITests */,
			);
			name = GetbudUITests;
			packageProductDependencies = (
			);
			productName = GetbudUITests;
			productReference = E109CD602DA2E5E9000BE857 /* GetbudUITests.xctest */;
			productType = "com.apple.product-type.bundle.ui-testing";
		};
/* End PBXNativeTarget section */

/* Begin PBXProject section */
		E109CD402DA2E5E9000BE857 /* Project object */ = {
			isa = PBXProject;
			attributes = {
				BuildIndependentTargetsInParallel = 1;
				LastSwiftUpdateCheck = 1630;
				LastUpgradeCheck = 1630;
				TargetAttributes = {
					E109CD472DA2E5E9000BE857 = {
						CreatedOnToolsVersion = 16.3;
					};
					E109CD552DA2E5E9000BE857 = {
						CreatedOnToolsVersion = 16.3;
						TestTargetID = E109CD472DA2E5E9000BE857;
					};
					E109CD5F2DA2E5E9000BE857 = {
						CreatedOnToolsVersion = 16.3;
						TestTargetID = E109CD472DA2E5E9000BE857;
					};
				};
			};
			buildConfigurationList = E109CD432DA2E5E9000BE857 /* Build configuration list for PBXProject "Getbud" */;
			developmentRegion = en;
			hasScannedForEncodings = 0;
			knownRegions = (
				en,
				Base,
			);
			mainGroup = E109CD3F2DA2E5E9000BE857;
			minimizedProjectReferenceProxies = 1;
			preferredProjectObjectVersion = 77;
			productRefGroup = E109CD492DA2E5E9000BE857 /* Products */;
			projectDirPath = "";
			projectRoot = "";
			targets = (
				E109CD472DA2E5E9000BE857 /* Getbud */,
				E109CD552DA2E5E9000BE857 /* GetbudTests */,
				E109CD5F2DA2E5E9000BE857 /* GetbudUITests */,
			);
		};
/* End PBXProject section */

/* Begin PBXResourcesBuildPhase section */
		E109CD462DA2E5E9000BE857 /* Resources */ = {
			isa = PBXResourcesBuildPhase;
			buildActionMask = 2147483647;
			files = (
			);
			runOnlyForDeploymentPostprocessing = 0;
		};
		E109CD542DA2E5E9000BE857 /* Resources */ = {
			isa = PBXResourcesBuildPhase;
			buildActionMask = 2147483647;
			files = (
			);
			runOnlyForDeploymentPostprocessing = 0;
		};
		E109CD5E2DA2E5E9000BE857 /* Resources */ = {
			isa = PBXResourcesBuildPhase;
			buildActionMask = 2147483647;
			files = (
			);
			runOnlyForDeploymentPostprocessing = 0;
		};
/* End PBXResourcesBuildPhase section */

/* Begin PBXSourcesBuildPhase section */
		E109CD442DA2E5E9000BE857 /* Sources */ = {
			isa = PBXSourcesBuildPhase;
			buildActionMask = 2147483647;
			files = (
			);
			runOnlyForDeploymentPostprocessing = 0;
		};
		E109CD522DA2E5E9000BE857 /* Sources */ = {
			isa = PBXSourcesBuildPhase;
			buildActionMask = 2147483647;
			files = (
			);
			runOnlyForDeploymentPostprocessing = 0;
		};
		E109CD5C2DA2E5E9000BE857 /* Sources */ = {
			isa = PBXSourcesBuildPhase;
			buildActionMask = 2147483647;
			files = (
			);
			runOnlyForDeploymentPostprocessing = 0;
		};
/* End PBXSourcesBuildPhase section */

/* Begin PBXTargetDependency section */
		E109CD582DA2E5E9000BE857 /* PBXTargetDependency */ = {
			isa = PBXTargetDependency;
			target = E109CD472DA2E5E9000BE857 /* Getbud */;
			targetProxy = E109CD572DA2E5E9000BE857 /* PBXContainerItemProxy */;
		};
		E109CD622DA2E5E9000BE857 /* PBXTargetDependency */ = {
			isa = PBXTargetDependency;
			target = E109CD472DA2E5E9000BE857 /* Getbud */;
			targetProxy = E109CD612DA2E5E9000BE857 /* PBXContainerItemProxy */;
		};
/* End PBXTargetDependency section */

/* Begin XCBuildConfiguration section */
		E109CD682DA2E5E9000BE857 /* Debug */ = {
			isa = XCBuildConfiguration;
			buildSettings = {
				ALWAYS_SEARCH_USER_PATHS = NO;
				ASSETCATALOG_COMPILER_GENERATE_SWIFT_ASSET_SYMBOL_EXTENSIONS = YES;
				CLANG_ANALYZER_NONNULL = YES;
				CLANG_ANALYZER_NUMBER_OBJECT_CONVERSION = YES_AGGRESSIVE;
				CLANG_CXX_LANGUAGE_STANDARD = "gnu++20";
				CLANG_ENABLE_MODULES = YES;
				CLANG_ENABLE_OBJC_ARC = YES;
				CLANG_ENABLE_OBJC_WEAK = YES;
				CLANG_WARN_BLOCK_CAPTURE_AUTORELEASING = YES;
				CLANG_WARN_BOOL_CONVERSION = YES;
				CLANG_WARN_COMMA = YES;
				CLANG_WARN_CONSTANT_CONVERSION = YES;
				CLANG_WARN_DEPRECATED_OBJC_IMPLEMENTATIONS = YES;
				CLANG_WARN_DIRECT_OBJC_ISA_USAGE = YES_ERROR;
				CLANG_WARN_DOCUMENTATION_COMMENTS = YES;
				CLANG_WARN_EMPTY_BODY = YES;
				CLANG_WARN_ENUM_CONVERSION = YES;
				CLANG_WARN_INFINITE_RECURSION = YES;
				CLANG_WARN_INT_CONVERSION = YES;
				CLANG_WARN_NON_LITERAL_NULL_CONVERSION = YES;
				CLANG_WARN_OBJC_IMPLICIT_RETAIN_SELF = YES;
				CLANG_WARN_OBJC_LITERAL_CONVERSION = YES;
				CLANG_WARN_OBJC_ROOT_CLASS = YES_ERROR;
				CLANG_WARN_QUOTED_INCLUDE_IN_FRAMEWORK_HEADER = YES;
				CLANG_WARN_RANGE_LOOP_ANALYSIS = YES;
				CLANG_WARN_STRICT_PROTOTYPES = YES;
				CLANG_WARN_SUSPICIOUS_MOVE = YES;
				CLANG_WARN_UNGUARDED_AVAILABILITY = YES_AGGRESSIVE;
				CLANG_WARN_UNREACHABLE_CODE = YES;
				CLANG_WARN__DUPLICATE_METHOD_MATCH = YES;
				COPY_PHASE_STRIP = NO;
				DEBUG_INFORMATION_FORMAT = dwarf;
				DEVELOPMENT_TEAM = LBULX5M6QU;
				ENABLE_STRICT_OBJC_MSGSEND = YES;
				ENABLE_TESTABILITY = YES;
				ENABLE_USER_SCRIPT_SANDBOXING = YES;
				GCC_C_LANGUAGE_STANDARD = gnu17;
				GCC_DYNAMIC_NO_PIC = NO;
				GCC_NO_COMMON_BLOCKS = YES;
				GCC_OPTIMIZATION_LEVEL = 0;
				GCC_PREPROCESSOR_DEFINITIONS = (
					"DEBUG=1",
					"$(inherited)",
				);
				GCC_WARN_64_TO_32_BIT_CONVERSION = YES;
				GCC_WARN_ABOUT_RETURN_TYPE = YES_ERROR;
				GCC_WARN_UNDECLARED_SELECTOR = YES;
				GCC_WARN_UNINITIALIZED_AUTOS = YES_AGGRESSIVE;
				GCC_WARN_UNUSED_FUNCTION = YES;
				GCC_WARN_UNUSED_VARIABLE = YES;
				LOCALIZATION_PREFERS_STRING_CATALOGS = YES;
				MACOSX_DEPLOYMENT_TARGET = 15.3;
				MTL_ENABLE_DEBUG_INFO = INCLUDE_SOURCE;
				MTL_FAST_MATH = YES;
				ONLY_ACTIVE_ARCH = YES;
				SDKROOT = macosx;
				SWIFT_ACTIVE_COMPILATION_CONDITIONS = "DEBUG $(inherited)";
				SWIFT_OPTIMIZATION_LEVEL = "-Onone";
			};
			name = Debug;
		};
		E109CD692DA2E5E9000BE857 /* Release */ = {
			isa = XCBuildConfiguration;
			buildSettings = {
				ALWAYS_SEARCH_USER_PATHS = NO;
				ASSETCATALOG_COMPILER_GENERATE_SWIFT_ASSET_SYMBOL_EXTENSIONS = YES;
				CLANG_ANALYZER_NONNULL = YES;
				CLANG_ANALYZER_NUMBER_OBJECT_CONVERSION = YES_AGGRESSIVE;
				CLANG_CXX_LANGUAGE_STANDARD = "gnu++20";
				CLANG_ENABLE_MODULES = YES;
				CLANG_ENABLE_OBJC_ARC = YES;
				CLANG_ENABLE_OBJC_WEAK = YES;
				CLANG_WARN_BLOCK_CAPTURE_AUTORELEASING = YES;
				CLANG_WARN_BOOL_CONVERSION = YES;
				CLANG_WARN_COMMA = YES;
				CLANG_WARN_CONSTANT_CONVERSION = YES;
				CLANG_WARN_DEPRECATED_OBJC_IMPLEMENTATIONS = YES;
				CLANG_WARN_DIRECT_OBJC_ISA_USAGE = YES_ERROR;
				CLANG_WARN_DOCUMENTATION_COMMENTS = YES;
				CLANG_WARN_EMPTY_BODY = YES;
				CLANG_WARN_ENUM_CONVERSION = YES;
				CLANG_WARN_INFINITE_RECURSION = YES;
				CLANG_WARN_INT_CONVERSION = YES;
				CLANG_WARN_NON_LITERAL_NULL_CONVERSION = YES;
				CLANG_WARN_OBJC_IMPLICIT_RETAIN_SELF = YES;
				CLANG_WARN_OBJC_LITERAL_CONVERSION = YES;
				CLANG_WARN_OBJC_ROOT_CLASS = YES_ERROR;
				CLANG_WARN_QUOTED_INCLUDE_IN_FRAMEWORK_HEADER = YES;
				CLANG_WARN_RANGE_LOOP_ANALYSIS = YES;
				CLANG_WARN_STRICT_PROTOTYPES = YES;
				CLANG_WARN_SUSPICIOUS_MOVE = YES;
				CLANG_WARN_UNGUARDED_AVAILABILITY = YES_AGGRESSIVE;
				CLANG_WARN_UNREACHABLE_CODE = YES;
				CLANG_WARN__DUPLICATE_METHOD_MATCH = YES;
				COPY_PHASE_STRIP = NO;
				DEBUG_INFORMATION_FORMAT = "dwarf-with-dsym";
				DEVELOPMENT_TEAM = LBULX5M6QU;
				ENABLE_NS_ASSERTIONS = NO;
				ENABLE_STRICT_OBJC_MSGSEND = YES;
				ENABLE_USER_SCRIPT_SANDBOXING = YES;
				GCC_C_LANGUAGE_STANDARD = gnu17;
				GCC_NO_COMMON_BLOCKS = YES;
				GCC_WARN_64_TO_32_BIT_CONVERSION = YES;
				GCC_WARN_ABOUT_RETURN_TYPE = YES_ERROR;
				GCC_WARN_UNDECLARED_SELECTOR = YES;
				GCC_WARN_UNINITIALIZED_AUTOS = YES_AGGRESSIVE;
				GCC_WARN_UNUSED_FUNCTION = YES;
				GCC_WARN_UNUSED_VARIABLE = YES;
				LOCALIZATION_PREFERS_STRING_CATALOGS = YES;
				MACOSX_DEPLOYMENT_TARGET = 15.3;
				MTL_ENABLE_DEBUG_INFO = NO;
				MTL_FAST_MATH = YES;
				SDKROOT = macosx;
				SWIFT_COMPILATION_MODE = wholemodule;
			};
			name = Release;
		};
		E109CD6B2DA2E5E9000BE857 /* Debug */ = {
			isa = XCBuildConfiguration;
			buildSettings = {
				ASSETCATALOG_COMPILER_APPICON_NAME = AppIcon;
				ASSETCATALOG_COMPILER_GLOBAL_ACCENT_COLOR_NAME = AccentColor;
				CODE_SIGN_ENTITLEMENTS = Getbud/Getbud.entitlements;
				CODE_SIGN_STYLE = Automatic;
				COMBINE_HIDPI_IMAGES = YES;
				CURRENT_PROJECT_VERSION = 1;
				DEVELOPMENT_TEAM = LBULX5M6QU;
				ENABLE_HARDENED_RUNTIME = YES;
				ENABLE_PREVIEWS = YES;
				GENERATE_INFOPLIST_FILE = YES;
				INFOPLIST_KEY_NSHumanReadableCopyright = "";
				LD_RUNPATH_SEARCH_PATHS = (
					"$(inherited)",
					"@executable_path/../Frameworks",
				);
				MARKETING_VERSION = 1.0;
				PRODUCT_BUNDLE_IDENTIFIER = "Guido-Schlabitz.Getbud";
				PRODUCT_NAME = "$(TARGET_NAME)";
				REGISTER_APP_GROUPS = YES;
				SWIFT_EMIT_LOC_STRINGS = YES;
				SWIFT_VERSION = 5.0;
			};
			name = Debug;
		};
		E109CD6C2DA2E5E9000BE857 /* Release */ = {
			isa = XCBuildConfiguration;
			buildSettings = {
				ASSETCATALOG_COMPILER_APPICON_NAME = AppIcon;
				ASSETCATALOG_COMPILER_GLOBAL_ACCENT_COLOR_NAME = AccentColor;
				CODE_SIGN_ENTITLEMENTS = Getbud/Getbud.entitlements;
				CODE_SIGN_STYLE = Automatic;
				COMBINE_HIDPI_IMAGES = YES;
				CURRENT_PROJECT_VERSION = 1;
				DEVELOPMENT_TEAM = LBULX5M6QU;
				ENABLE_HARDENED_RUNTIME = YES;
				ENABLE_PREVIEWS = YES;
				GENERATE_INFOPLIST_FILE = YES;
				INFOPLIST_KEY_NSHumanReadableCopyright = "";
				LD_RUNPATH_SEARCH_PATHS = (
					"$(inherited)",
					"@executable_path/../Frameworks",
				);
				MARKETING_VERSION = 1.0;
				PRODUCT_BUNDLE_IDENTIFIER = "Guido-Schlabitz.Getbud";
				PRODUCT_NAME = "$(TARGET_NAME)";
				REGISTER_APP_GROUPS = YES;
				SWIFT_EMIT_LOC_STRINGS = YES;
				SWIFT_VERSION = 5.0;
			};
			name = Release;
		};
		E109CD6E2DA2E5E9000BE857 /* Debug */ = {
			isa = XCBuildConfiguration;
			buildSettings = {
				BUNDLE_LOADER = "$(TEST_HOST)";
				CODE_SIGN_STYLE = Automatic;
				CURRENT_PROJECT_VERSION = 1;
				DEVELOPMENT_TEAM = LBULX5M6QU;
				GENERATE_INFOPLIST_FILE = YES;
				MACOSX_DEPLOYMENT_TARGET = 15.3;
				MARKETING_VERSION = 1.0;
				PRODUCT_BUNDLE_IDENTIFIER = "Guido-Schlabitz.GetbudTests";
				PRODUCT_NAME = "$(TARGET_NAME)";
				SWIFT_EMIT_LOC_STRINGS = NO;
				SWIFT_VERSION = 5.0;
				TEST_HOST = "$(BUILT_PRODUCTS_DIR)/Getbud.app/$(BUNDLE_EXECUTABLE_FOLDER_PATH)/Getbud";
			};
			name = Debug;
		};
		E109CD6F2DA2E5E9000BE857 /* Release */ = {
			isa = XCBuildConfiguration;
			buildSettings = {
				BUNDLE_LOADER = "$(TEST_HOST)";
				CODE_SIGN_STYLE = Automatic;
				CURRENT_PROJECT_VERSION = 1;
				DEVELOPMENT_TEAM = LBULX5M6QU;
				GENERATE_INFOPLIST_FILE = YES;
				MACOSX_DEPLOYMENT_TARGET = 15.3;
				MARKETING_VERSION = 1.0;
				PRODUCT_BUNDLE_IDENTIFIER = "Guido-Schlabitz.GetbudTests";
				PRODUCT_NAME = "$(TARGET_NAME)";
				SWIFT_EMIT_LOC_STRINGS = NO;
				SWIFT_VERSION = 5.0;
				TEST_HOST = "$(BUILT_PRODUCTS_DIR)/Getbud.app/$(BUNDLE_EXECUTABLE_FOLDER_PATH)/Getbud";
			};
			name = Release;
		};
		E109CD712DA2E5E9000BE857 /* Debug */ = {
			isa = XCBuildConfiguration;
			buildSettings = {
				CODE_SIGN_STYLE = Automatic;
				CURRENT_PROJECT_VERSION = 1;
				DEVELOPMENT_TEAM = LBULX5M6QU;
				GENERATE_INFOPLIST_FILE = YES;
				MARKETING_VERSION = 1.0;
				PRODUCT_BUNDLE_IDENTIFIER = "Guido-Schlabitz.GetbudUITests";
				PRODUCT_NAME = "$(TARGET_NAME)";
				SWIFT_EMIT_LOC_STRINGS = NO;
				SWIFT_VERSION = 5.0;
				TEST_TARGET_NAME = Getbud;
			};
			name = Debug;
		};
		E109CD722DA2E5E9000BE857 /* Release */ = {
			isa = XCBuildConfiguration;
			buildSettings = {
				CODE_SIGN_STYLE = Automatic;
				CURRENT_PROJECT_VERSION = 1;
				DEVELOPMENT_TEAM = LBULX5M6QU;
				GENERATE_INFOPLIST_FILE = YES;
				MARKETING_VERSION = 1.0;
				PRODUCT_BUNDLE_IDENTIFIER = "Guido-Schlabitz.GetbudUITests";
				PRODUCT_NAME = "$(TARGET_NAME)";
				SWIFT_EMIT_LOC_STRINGS = NO;
				SWIFT_VERSION = 5.0;
				TEST_TARGET_NAME = Getbud;
			};
			name = Release;
		};
/* End XCBuildConfiguration section */

/* Begin XCConfigurationList section */
		E109CD432DA2E5E9000BE857 /* Build configuration list for PBXProject "Getbud" */ = {
			isa = XCConfigurationList;
			buildConfigurations = (
				E109CD682DA2E5E9000BE857 /* Debug */,
				E109CD692DA2E5E9000BE857 /* Release */,
			);
			defaultConfigurationIsVisible = 0;
			defaultConfigurationName = Release;
		};
		E109CD6A2DA2E5E9000BE857 /* Build configuration list for PBXNativeTarget "Getbud" */ = {
			isa = XCConfigurationList;
			buildConfigurations = (
				E109CD6B2DA2E5E9000BE857 /* Debug */,
				E109CD6C2DA2E5E9000BE857 /* Release */,
			);
			defaultConfigurationIsVisible = 0;
			defaultConfigurationName = Release;
		};
		E109CD6D2DA2E5E9000BE857 /* Build configuration list for PBXNativeTarget "GetbudTests" */ = {
			isa = XCConfigurationList;
			buildConfigurations = (
				E109CD6E2DA2E5E9000BE857 /* Debug */,
				E109CD6F2DA2E5E9000BE857 /* Release */,
			);
			defaultConfigurationIsVisible = 0;
			defaultConfigurationName = Release;
		};
		E109CD702DA2E5E9000BE857 /* Build configuration list for PBXNativeTarget "GetbudUITests" */ = {
			isa = XCConfigurationList;
			buildConfigurations = (
				E109CD712DA2E5E9000BE857 /* Debug */,
				E109CD722DA2E5E9000BE857 /* Release */,
			);
			defaultConfigurationIsVisible = 0;
			defaultConfigurationName = Release;
		};
/* End XCConfigurationList section */
	};
	rootObject = E109CD402DA2E5E9000BE857 /* Project object */;
}
